
Microsoft Visual Studio Solution File, Format Version 12.00
# Visual Studio Version 17
VisualStudioVersion = 17.13.35806.99 d17.13
MinimumVisualStudioVersion = 10.0.40219.1
Project("{FAE04EC0-301F-11D3-BF4B-00C04F79EFBC}") = "OrderAndManagementApp", "OrderAndManagementApp\OrderAndManagementApp.csproj", "{12ED26D2-30BC-473E-AF9A-529A3E9C48DE}"
EndProject
Project("{FAE04EC0-301F-11D3-BF4B-00C04F79EFBC}") = "BusinnesLogic", "BusinnesLogic\BusinnesLogic.csproj", "{2AD92030-A7A4-4B09-9006-47282487F344}"
EndProject
Project("{FAE04EC0-301F-11D3-BF4B-00C04F79EFBC}") = "DataAccess", "DataAccess\DataAccess.csproj", "{B8C54650-C453-4AC2-B5A0-9CA1DFC4CAEE}"
EndProject
Global
	GlobalSection(SolutionConfigurationPlatforms) = preSolution
		Debug|Any CPU = Debug|Any CPU
		Release|Any CPU = Release|Any CPU
	EndGlobalSection
	GlobalSection(ProjectConfigurationPlatforms) = postSolution
		{12ED26D2-30BC-473E-AF9A-529A3E9C48DE}.Debug|Any CPU.ActiveCfg = Debug|Any CPU
		{12ED26D2-30BC-473E-AF9A-529A3E9C48DE}.Debug|Any CPU.Build.0 = Debug|Any CPU
		{12ED26D2-30BC-473E-AF9A-529A3E9C48DE}.Release|Any CPU.ActiveCfg = Release|Any CPU
		{12ED26D2-30BC-473E-AF9A-529A3E9C48DE}.Release|Any CPU.Build.0 = Release|Any CPU
		{2AD92030-A7A4-4B09-9006-47282487F344}.Debug|Any CPU.ActiveCfg = Debug|Any CPU
		{2AD92030-A7A4-4B09-9006-47282487F344}.Debug|Any CPU.Build.0 = Debug|Any CPU
		{2AD92030-A7A4-4B09-9006-47282487F344}.Release|Any CPU.ActiveCfg = Release|Any CPU
		{2AD92030-A7A4-4B09-9006-47282487F344}.Release|Any CPU.Build.0 = Release|Any CPU
		{B8C54650-C453-4AC2-B5A0-9CA1DFC4CAEE}.Debug|Any CPU.ActiveCfg = Debug|Any CPU
		{B8C54650-C453-4AC2-B5A0-9CA1DFC4CAEE}.Debug|Any CPU.Build.0 = Debug|Any CPU
		{B8C54650-C453-4AC2-B5A0-9CA1DFC4CAEE}.Release|Any CPU.ActiveCfg = Release|Any CPU
		{B8C54650-C453-4AC2-B5A0-9CA1DFC4CAEE}.Release|Any CPU.Build.0 = Release|Any CPU
	EndGlobalSection
	GlobalSection(SolutionProperties) = preSolution
		HideSolutionNode = FALSE
	EndGlobalSection
	GlobalSection(ExtensibilityGlobals) = postSolution
		SolutionGuid = {D9E9D310-8E4B-44C1-8776-C7F1ACA674F5}
	EndGlobalSection
EndGlobal
